
Microsoft Visual Studio Solution File, Format Version 12.00
# Visual Studio 15
VisualStudioVersion = 15.0.26430.16
MinimumVisualStudioVersion = 15.0.26124.0
Project("{2150E333-8FDC-42A3-9474-1A3956D46DE8}") = "src", "src", "{BD4FDB84-8803-43EA-A94D-3F5E3049566E}"
EndProject
Project("{2150E333-8FDC-42A3-9474-1A3956D46DE8}") = "test", "test", "{D3042F6C-164C-4F78-AF2B-ADAE236881DB}"
EndProject
Project("{2150E333-8FDC-42A3-9474-1A3956D46DE8}") = "sample", "sample", "{79C1E21F-0CEC-4601-A581-497714A1684B}"
EndProject
Project("{9A19103F-16F7-4668-BE54-9A1E7A4F7556}") = "YoloDev.PartialJson", "src\YoloDev.PartialJson\YoloDev.PartialJson.csproj", "{FF7E156B-F9A3-4218-BDDF-DBEC608A751E}"
EndProject
Project("{FAE04EC0-301F-11D3-BF4B-00C04F79EFBC}") = "YoloDev.PartialJson.Test", "YoloDev.PartialJson.Test\YoloDev.PartialJson.Test.csproj", "{77015384-6178-4B80-AF4A-60B758DFAD18}"
EndProject
Global
	GlobalSection(SolutionConfigurationPlatforms) = preSolution
		Debug|Any CPU = Debug|Any CPU
		Debug|x64 = Debug|x64
		Debug|x86 = Debug|x86
		Release|Any CPU = Release|Any CPU
		Release|x64 = Release|x64
		Release|x86 = Release|x86
	EndGlobalSection
	GlobalSection(ProjectConfigurationPlatforms) = postSolution
		{FF7E156B-F9A3-4218-BDDF-DBEC608A751E}.Debug|Any CPU.ActiveCfg = Debug|Any CPU
		{FF7E156B-F9A3-4218-BDDF-DBEC608A751E}.Debug|Any CPU.Build.0 = Debug|Any CPU
		{FF7E156B-F9A3-4218-BDDF-DBEC608A751E}.Debug|x64.ActiveCfg = Debug|Any CPU
		{FF7E156B-F9A3-4218-BDDF-DBEC608A751E}.Debug|x64.Build.0 = Debug|Any CPU
		{FF7E156B-F9A3-4218-BDDF-DBEC608A751E}.Debug|x86.ActiveCfg = Debug|Any CPU
		{FF7E156B-F9A3-4218-BDDF-DBEC608A751E}.Debug|x86.Build.0 = Debug|Any CPU
		{FF7E156B-F9A3-4218-BDDF-DBEC608A751E}.Release|Any CPU.ActiveCfg = Release|Any CPU
		{FF7E156B-F9A3-4218-BDDF-DBEC608A751E}.Release|Any CPU.Build.0 = Release|Any CPU
		{FF7E156B-F9A3-4218-BDDF-DBEC608A751E}.Release|x64.ActiveCfg = Release|Any CPU
		{FF7E156B-F9A3-4218-BDDF-DBEC608A751E}.Release|x64.Build.0 = Release|Any CPU
		{FF7E156B-F9A3-4218-BDDF-DBEC608A751E}.Release|x86.ActiveCfg = Release|Any CPU
		{FF7E156B-F9A3-4218-BDDF-DBEC608A751E}.Release|x86.Build.0 = Release|Any CPU
		{77015384-6178-4B80-AF4A-60B758DFAD18}.Debug|Any CPU.ActiveCfg = Debug|Any CPU
		{77015384-6178-4B80-AF4A-60B758DFAD18}.Debug|Any CPU.Build.0 = Debug|Any CPU
		{77015384-6178-4B80-AF4A-60B758DFAD18}.Debug|x64.ActiveCfg = Debug|Any CPU
		{77015384-6178-4B80-AF4A-60B758DFAD18}.Debug|x64.Build.0 = Debug|Any CPU
		{77015384-6178-4B80-AF4A-60B758DFAD18}.Debug|x86.ActiveCfg = Debug|Any CPU
		{77015384-6178-4B80-AF4A-60B758DFAD18}.Debug|x86.Build.0 = Debug|Any CPU
		{77015384-6178-4B80-AF4A-60B758DFAD18}.Release|Any CPU.ActiveCfg = Release|Any CPU
		{77015384-6178-4B80-AF4A-60B758DFAD18}.Release|Any CPU.Build.0 = Release|Any CPU
		{77015384-6178-4B80-AF4A-60B758DFAD18}.Release|x64.ActiveCfg = Release|Any CPU
		{77015384-6178-4B80-AF4A-60B758DFAD18}.Release|x64.Build.0 = Release|Any CPU
		{77015384-6178-4B80-AF4A-60B758DFAD18}.Release|x86.ActiveCfg = Release|Any CPU
		{77015384-6178-4B80-AF4A-60B758DFAD18}.Release|x86.Build.0 = Release|Any CPU
	EndGlobalSection
	GlobalSection(SolutionProperties) = preSolution
		HideSolutionNode = FALSE
	EndGlobalSection
	GlobalSection(NestedProjects) = preSolution
		{FF7E156B-F9A3-4218-BDDF-DBEC608A751E} = {BD4FDB84-8803-43EA-A94D-3F5E3049566E}
		{77015384-6178-4B80-AF4A-60B758DFAD18} = {D3042F6C-164C-4F78-AF2B-ADAE236881DB}
	EndGlobalSection
EndGlobal
